
Microsoft Visual Studio Solution File, Format Version 12.00
# Visual Studio Version 17
VisualStudioVersion = 17.1.32328.378
MinimumVisualStudioVersion = 10.0.40219.1
Project("{FAE04EC0-301F-11D3-BF4B-00C04F79EFBC}") = "Proverochnaya", "Proverochnaya.csproj", "{DE090FEE-CBCF-4A39-9916-2DD6B6582A6A}"
EndProject
Global
	GlobalSection(SolutionConfigurationPlatforms) = preSolution
		Debug|Any CPU = Debug|Any CPU
		Release|Any CPU = Release|Any CPU
	EndGlobalSection
	GlobalSection(ProjectConfigurationPlatforms) = postSolution
		{DE090FEE-CBCF-4A39-9916-2DD6B6582A6A}.Debug|Any CPU.ActiveCfg = Debug|Any CPU
		{DE090FEE-CBCF-4A39-9916-2DD6B6582A6A}.Debug|Any CPU.Build.0 = Debug|Any CPU
		{DE090FEE-CBCF-4A39-9916-2DD6B6582A6A}.Release|Any CPU.ActiveCfg = Release|Any CPU
		{DE090FEE-CBCF-4A39-9916-2DD6B6582A6A}.Release|Any CPU.Build.0 = Release|Any CPU
	EndGlobalSection
	GlobalSection(SolutionProperties) = preSolution
		HideSolutionNode = FALSE
	EndGlobalSection
	GlobalSection(ExtensibilityGlobals) = postSolution
		SolutionGuid = {E57442A5-5AB6-40F5-91BD-6FD1114DD880}
	EndGlobalSection
EndGlobal
